// !$*UTF8*$!
{
	archiveVersion = 1;
	classes = {
	};
	objectVersion = 46;
	objects = {

/* Begin PBXBuildFile section */
		3D19159D16DC6CDF0085B198 /* btn_close_red_center.png in Resources */ = {isa = PBXBuildFile; fileRef = 3D19159916DC6CDF0085B198 /* btn_close_red_center.png */; };
		3D19159E16DC6CDF0085B198 /* btn_close_red_center@2x.png in Resources */ = {isa = PBXBuildFile; fileRef = 3D19159A16DC6CDF0085B198 /* btn_close_red_center@2x.png */; };
		3D19159F16DC6CDF0085B198 /* btn_modal.png in Resources */ = {isa = PBXBuildFile; fileRef = 3D19159B16DC6CDF0085B198 /* btn_modal.png */; };
		3D1915A016DC6CDF0085B198 /* btn_modal@2x.png in Resources */ = {isa = PBXBuildFile; fileRef = 3D19159C16DC6CDF0085B198 /* btn_modal@2x.png */; };
		3D60FA6016D7C60000AC73A2 /* UIKit.framework in Frameworks */ = {isa = PBXBuildFile; fileRef = 3D60FA5F16D7C60000AC73A2 /* UIKit.framework */; };
		3D60FA6216D7C60000AC73A2 /* Foundation.framework in Frameworks */ = {isa = PBXBuildFile; fileRef = 3D60FA6116D7C60000AC73A2 /* Foundation.framework */; };
		3D60FA6416D7C60000AC73A2 /* CoreGraphics.framework in Frameworks */ = {isa = PBXBuildFile; fileRef = 3D60FA6316D7C60000AC73A2 /* CoreGraphics.framework */; };
		3D60FA6A16D7C60000AC73A2 /* InfoPlist.strings in Resources */ = {isa = PBXBuildFile; fileRef = 3D60FA6816D7C60000AC73A2 /* InfoPlist.strings */; };
		3D60FA6C16D7C60000AC73A2 /* main.m in Sources */ = {isa = PBXBuildFile; fileRef = 3D60FA6B16D7C60000AC73A2 /* main.m */; };
		3D60FA7016D7C60000AC73A2 /* JTAppDelegate.m in Sources */ = {isa = PBXBuildFile; fileRef = 3D60FA6F16D7C60000AC73A2 /* JTAppDelegate.m */; };
		3D60FA7216D7C60000AC73A2 /* Default.png in Resources */ = {isa = PBXBuildFile; fileRef = 3D60FA7116D7C60000AC73A2 /* Default.png */; };
		3D60FA7416D7C60000AC73A2 /* Default@2x.png in Resources */ = {isa = PBXBuildFile; fileRef = 3D60FA7316D7C60000AC73A2 /* Default@2x.png */; };
		3D60FA7616D7C60000AC73A2 /* Default-568h@2x.png in Resources */ = {isa = PBXBuildFile; fileRef = 3D60FA7516D7C60000AC73A2 /* Default-568h@2x.png */; };
		3D60FA8116D7C6FA00AC73A2 /* CoreData.framework in Frameworks */ = {isa = PBXBuildFile; fileRef = 3D60FA8016D7C6FA00AC73A2 /* CoreData.framework */; };
		3D60FA8316D7C70100AC73A2 /* QuartzCore.framework in Frameworks */ = {isa = PBXBuildFile; fileRef = 3D60FA8216D7C70100AC73A2 /* QuartzCore.framework */; };
		3D60FA8F16D7C90000AC73A2 /* CheckAppModel.xcdatamodeld in Sources */ = {isa = PBXBuildFile; fileRef = 3D60FA8D16D7C90000AC73A2 /* CheckAppModel.xcdatamodeld */; };
		3D60FA9216D7CACC00AC73A2 /* JTObject.m in Sources */ = {isa = PBXBuildFile; fileRef = 3D60FA9116D7CACC00AC73A2 /* JTObject.m */; };
		3D60FA9516D7CACD00AC73A2 /* JTCategory.m in Sources */ = {isa = PBXBuildFile; fileRef = 3D60FA9416D7CACD00AC73A2 /* JTCategory.m */; };
		3D60FA9816D7CBFA00AC73A2 /* JTObjectManager.m in Sources */ = {isa = PBXBuildFile; fileRef = 3D60FA9716D7CBFA00AC73A2 /* JTObjectManager.m */; };
		3D60FA9E16D7CD2300AC73A2 /* JTRootViewController.m in Sources */ = {isa = PBXBuildFile; fileRef = 3D60FA9D16D7CD2300AC73A2 /* JTRootViewController.m */; };
		3D60FAA116D7CE1100AC73A2 /* JTMainTabBarController.m in Sources */ = {isa = PBXBuildFile; fileRef = 3D60FAA016D7CE1100AC73A2 /* JTMainTabBarController.m */; };
		3D60FACC16D7D52B00AC73A2 /* NSIndexPath+PSTCollectionViewAdditions.m in Sources */ = {isa = PBXBuildFile; fileRef = 3D60FAB216D7D52B00AC73A2 /* NSIndexPath+PSTCollectionViewAdditions.m */; };
		3D60FACD16D7D52B00AC73A2 /* PSTCollectionView.m in Sources */ = {isa = PBXBuildFile; fileRef = 3D60FAB416D7D52B00AC73A2 /* PSTCollectionView.m */; };
		3D60FACE16D7D52B00AC73A2 /* PSTCollectionViewCell.m in Sources */ = {isa = PBXBuildFile; fileRef = 3D60FAB616D7D52B00AC73A2 /* PSTCollectionViewCell.m */; };
		3D60FACF16D7D52B00AC73A2 /* PSTCollectionViewController.m in Sources */ = {isa = PBXBuildFile; fileRef = 3D60FAB916D7D52B00AC73A2 /* PSTCollectionViewController.m */; };
		3D60FAD016D7D52B00AC73A2 /* PSTCollectionViewData.m in Sources */ = {isa = PBXBuildFile; fileRef = 3D60FABB16D7D52B00AC73A2 /* PSTCollectionViewData.m */; };
		3D60FAD116D7D52B00AC73A2 /* PSTCollectionViewFlowLayout.m in Sources */ = {isa = PBXBuildFile; fileRef = 3D60FABD16D7D52B00AC73A2 /* PSTCollectionViewFlowLayout.m */; };
		3D60FAD216D7D52B00AC73A2 /* PSTCollectionViewItemKey.m in Sources */ = {isa = PBXBuildFile; fileRef = 3D60FABF16D7D52B00AC73A2 /* PSTCollectionViewItemKey.m */; };
		3D60FAD316D7D52B00AC73A2 /* PSTCollectionViewLayout.m in Sources */ = {isa = PBXBuildFile; fileRef = 3D60FAC116D7D52B00AC73A2 /* PSTCollectionViewLayout.m */; };
		3D60FAD416D7D52B00AC73A2 /* PSTCollectionViewUpdateItem.m in Sources */ = {isa = PBXBuildFile; fileRef = 3D60FAC316D7D52B00AC73A2 /* PSTCollectionViewUpdateItem.m */; };
		3D60FAD516D7D52B00AC73A2 /* PSTGridLayoutInfo.m in Sources */ = {isa = PBXBuildFile; fileRef = 3D60FAC516D7D52B00AC73A2 /* PSTGridLayoutInfo.m */; };
		3D60FAD616D7D52B00AC73A2 /* PSTGridLayoutItem.m in Sources */ = {isa = PBXBuildFile; fileRef = 3D60FAC716D7D52B00AC73A2 /* PSTGridLayoutItem.m */; };
		3D60FAD716D7D52B00AC73A2 /* PSTGridLayoutRow.m in Sources */ = {isa = PBXBuildFile; fileRef = 3D60FAC916D7D52B00AC73A2 /* PSTGridLayoutRow.m */; };
		3D60FAD816D7D52B00AC73A2 /* PSTGridLayoutSection.m in Sources */ = {isa = PBXBuildFile; fileRef = 3D60FACB16D7D52B00AC73A2 /* PSTGridLayoutSection.m */; };
		3D60FADB16D7D56600AC73A2 /* JTCategoryViewController.m in Sources */ = {isa = PBXBuildFile; fileRef = 3D60FADA16D7D56500AC73A2 /* JTCategoryViewController.m */; };
		3D60FAE216D7E22300AC73A2 /* JTCategoryItemCell.m in Sources */ = {isa = PBXBuildFile; fileRef = 3D60FAE116D7E22300AC73A2 /* JTCategoryItemCell.m */; };
		3D78FD7A16E51C6300C9A28C /* JTSettingsViewController.m in Sources */ = {isa = PBXBuildFile; fileRef = 3D78FD7916E51C6300C9A28C /* JTSettingsViewController.m */; };
		3D78FD8216E51CD600C9A28C /* JTItemsCell.m in Sources */ = {isa = PBXBuildFile; fileRef = 3D78FD8116E51CD600C9A28C /* JTItemsCell.m */; settings = {COMPILER_FLAGS = "-fno-objc-arc"; }; };
		3D78FD8E16E5238C00C9A28C /* deleteBtn.png in Resources */ = {isa = PBXBuildFile; fileRef = 3D78FD8616E5238C00C9A28C /* deleteBtn.png */; };
		3D78FD8F16E5238C00C9A28C /* deleteBtn@2x.png in Resources */ = {isa = PBXBuildFile; fileRef = 3D78FD8716E5238C00C9A28C /* deleteBtn@2x.png */; };
		3D78FD9016E5238C00C9A28C /* expiredBtn_expired.png in Resources */ = {isa = PBXBuildFile; fileRef = 3D78FD8816E5238C00C9A28C /* expiredBtn_expired.png */; };
		3D78FD9116E5238C00C9A28C /* expiredBtn_expired@2x.png in Resources */ = {isa = PBXBuildFile; fileRef = 3D78FD8916E5238C00C9A28C /* expiredBtn_expired@2x.png */; };
		3D78FD9216E5238C00C9A28C /* toBuyBtn_disable.png in Resources */ = {isa = PBXBuildFile; fileRef = 3D78FD8A16E5238C00C9A28C /* toBuyBtn_disable.png */; };
		3D78FD9316E5238C00C9A28C /* toBuyBtn_disable@2x.png in Resources */ = {isa = PBXBuildFile; fileRef = 3D78FD8B16E5238C00C9A28C /* toBuyBtn_disable@2x.png */; };
		3D78FD9416E5238C00C9A28C /* toBuyBtn.png in Resources */ = {isa = PBXBuildFile; fileRef = 3D78FD8C16E5238C00C9A28C /* toBuyBtn.png */; };
		3D78FD9516E5238C00C9A28C /* toBuyBtn@2x.png in Resources */ = {isa = PBXBuildFile; fileRef = 3D78FD8D16E5238C00C9A28C /* toBuyBtn@2x.png */; };
		3D78FD9816E52A6B00C9A28C /* btn_expired.png in Resources */ = {isa = PBXBuildFile; fileRef = 3D78FD9616E52A6B00C9A28C /* btn_expired.png */; };
		3D78FD9916E52A6B00C9A28C /* btn_expired@2x.png in Resources */ = {isa = PBXBuildFile; fileRef = 3D78FD9716E52A6B00C9A28C /* btn_expired@2x.png */; };
		3D78FDA016E53A1400C9A28C /* btn_placeholder_temp.png in Resources */ = {isa = PBXBuildFile; fileRef = 3D78FD9E16E53A1400C9A28C /* btn_placeholder_temp.png */; };
		3D78FDA116E53A1400C9A28C /* btn_placeholder_temp@2x copy.png in Resources */ = {isa = PBXBuildFile; fileRef = 3D78FD9F16E53A1400C9A28C /* btn_placeholder_temp@2x copy.png */; };
		3D78FDAC16E54CF700C9A28C /* UIImage+JTAdditions.m in Sources */ = {isa = PBXBuildFile; fileRef = 3D78FDAB16E54CF700C9A28C /* UIImage+JTAdditions.m */; };
		3D78FDAE16E5681F00C9A28C /* EventKit.framework in Frameworks */ = {isa = PBXBuildFile; fileRef = 3D78FDAD16E5681E00C9A28C /* EventKit.framework */; };
		3D78FDB116E56DA700C9A28C /* JTReminderManger.m in Sources */ = {isa = PBXBuildFile; fileRef = 3D78FDB016E56DA600C9A28C /* JTReminderManger.m */; };
		3D78FDB816E66A6600C9A28C /* JTDetailViewController.m in Sources */ = {isa = PBXBuildFile; fileRef = 3D78FDB716E66A6400C9A28C /* JTDetailViewController.m */; };
		3D78FDBB16E6805700C9A28C /* JTHeaderView.m in Sources */ = {isa = PBXBuildFile; fileRef = 3D78FDBA16E6805700C9A28C /* JTHeaderView.m */; };
		3DBA6A9F16E00E40009719DF /* btn_camera_black.png in Resources */ = {isa = PBXBuildFile; fileRef = 3DBA6A9D16E00E40009719DF /* btn_camera_black.png */; };
		3DBA6AA016E00E40009719DF /* btn_camera_black@2x.png in Resources */ = {isa = PBXBuildFile; fileRef = 3DBA6A9E16E00E40009719DF /* btn_camera_black@2x.png */; };
		3DBA6AA216E014C7009719DF /* iAd.framework in Frameworks */ = {isa = PBXBuildFile; fileRef = 3DBA6AA116E014C7009719DF /* iAd.framework */; };
		7E7EBBAE16D81931008A5E83 /* cameraTabBarItem.png in Resources */ = {isa = PBXBuildFile; fileRef = 7E7EBBAC16D81931008A5E83 /* cameraTabBarItem.png */; };
		7E7EBBAF16D81931008A5E83 /* cameraTabBarItem@2x.png in Resources */ = {isa = PBXBuildFile; fileRef = 7E7EBBAD16D81931008A5E83 /* cameraTabBarItem@2x.png */; };
		7E7EBBB316D825BD008A5E83 /* bg_CategoryCell.png in Resources */ = {isa = PBXBuildFile; fileRef = 7E7EBBB116D825BD008A5E83 /* bg_CategoryCell.png */; };
		7E7EBBB416D825BD008A5E83 /* bg_CategoryCell@2x.png in Resources */ = {isa = PBXBuildFile; fileRef = 7E7EBBB216D825BD008A5E83 /* bg_CategoryCell@2x.png */; };
		7E7EBBB816D82DFB008A5E83 /* bg_CategoryCellwithTape.png in Resources */ = {isa = PBXBuildFile; fileRef = 7E7EBBB616D82DFB008A5E83 /* bg_CategoryCellwithTape.png */; };
		7E7EBBB916D82DFB008A5E83 /* bg_CategoryCellwithTape@2x.png in Resources */ = {isa = PBXBuildFile; fileRef = 7E7EBBB716D82DFB008A5E83 /* bg_CategoryCellwithTape@2x.png */; };
		7E7EBBBC16D83620008A5E83 /* JTItemsViewController.m in Sources */ = {isa = PBXBuildFile; fileRef = 7E7EBBBB16D83620008A5E83 /* JTItemsViewController.m */; };
		7E7EBBBF16D83742008A5E83 /* JTBuyListViewController.m in Sources */ = {isa = PBXBuildFile; fileRef = 7E7EBBBE16D83742008A5E83 /* JTBuyListViewController.m */; };
		7E7EBBC216D8862D008A5E83 /* NSString+JTAdditions.m in Sources */ = {isa = PBXBuildFile; fileRef = 7E7EBBC116D8862D008A5E83 /* NSString+JTAdditions.m */; };
		7E7EBBC516D92C85008A5E83 /* bg_CategoryCellwithTape_white.png in Resources */ = {isa = PBXBuildFile; fileRef = 7E7EBBC316D92C85008A5E83 /* bg_CategoryCellwithTape_white.png */; };
		7E7EBBC616D92C85008A5E83 /* bg_CategoryCellwithTape_white@2x.png in Resources */ = {isa = PBXBuildFile; fileRef = 7E7EBBC416D92C85008A5E83 /* bg_CategoryCellwithTape_white@2x.png */; };
		7E7EBBC916DA87D5008A5E83 /* JTModalView.m in Sources */ = {isa = PBXBuildFile; fileRef = 7E7EBBC816DA87D4008A5E83 /* JTModalView.m */; };
/* End PBXBuildFile section */

/* Begin PBXFileReference section */
		3D19159916DC6CDF0085B198 /* btn_close_red_center.png */ = {isa = PBXFileReference; lastKnownFileType = image.png; name = btn_close_red_center.png; path = Assets/Icons/btn_close_red_center.png; sourceTree = "<group>"; };
		3D19159A16DC6CDF0085B198 /* btn_close_red_center@2x.png */ = {isa = PBXFileReference; lastKnownFileType = image.png; name = "btn_close_red_center@2x.png"; path = "Assets/Icons/btn_close_red_center@2x.png"; sourceTree = "<group>"; };
		3D19159B16DC6CDF0085B198 /* btn_modal.png */ = {isa = PBXFileReference; lastKnownFileType = image.png; name = btn_modal.png; path = Assets/Icons/btn_modal.png; sourceTree = "<group>"; };
		3D19159C16DC6CDF0085B198 /* btn_modal@2x.png */ = {isa = PBXFileReference; lastKnownFileType = image.png; name = "btn_modal@2x.png"; path = "Assets/Icons/btn_modal@2x.png"; sourceTree = "<group>"; };
		3D60FA5B16D7C60000AC73A2 /* CheckApp.app */ = {isa = PBXFileReference; explicitFileType = wrapper.application; includeInIndex = 0; path = CheckApp.app; sourceTree = BUILT_PRODUCTS_DIR; };
		3D60FA5F16D7C60000AC73A2 /* UIKit.framework */ = {isa = PBXFileReference; lastKnownFileType = wrapper.framework; name = UIKit.framework; path = System/Library/Frameworks/UIKit.framework; sourceTree = SDKROOT; };
		3D60FA6116D7C60000AC73A2 /* Foundation.framework */ = {isa = PBXFileReference; lastKnownFileType = wrapper.framework; name = Foundation.framework; path = System/Library/Frameworks/Foundation.framework; sourceTree = SDKROOT; };
		3D60FA6316D7C60000AC73A2 /* CoreGraphics.framework */ = {isa = PBXFileReference; lastKnownFileType = wrapper.framework; name = CoreGraphics.framework; path = System/Library/Frameworks/CoreGraphics.framework; sourceTree = SDKROOT; };
		3D60FA6716D7C60000AC73A2 /* CheckApp-Info.plist */ = {isa = PBXFileReference; lastKnownFileType = text.plist.xml; path = "CheckApp-Info.plist"; sourceTree = "<group>"; };
		3D60FA6916D7C60000AC73A2 /* en */ = {isa = PBXFileReference; lastKnownFileType = text.plist.strings; name = en; path = en.lproj/InfoPlist.strings; sourceTree = "<group>"; };
		3D60FA6B16D7C60000AC73A2 /* main.m */ = {isa = PBXFileReference; lastKnownFileType = sourcecode.c.objc; path = main.m; sourceTree = "<group>"; };
		3D60FA6D16D7C60000AC73A2 /* CheckApp-Prefix.pch */ = {isa = PBXFileReference; lastKnownFileType = sourcecode.c.h; path = "CheckApp-Prefix.pch"; sourceTree = "<group>"; };
		3D60FA6E16D7C60000AC73A2 /* JTAppDelegate.h */ = {isa = PBXFileReference; lastKnownFileType = sourcecode.c.h; path = JTAppDelegate.h; sourceTree = "<group>"; };
		3D60FA6F16D7C60000AC73A2 /* JTAppDelegate.m */ = {isa = PBXFileReference; lastKnownFileType = sourcecode.c.objc; path = JTAppDelegate.m; sourceTree = "<group>"; };
		3D60FA7116D7C60000AC73A2 /* Default.png */ = {isa = PBXFileReference; lastKnownFileType = image.png; path = Default.png; sourceTree = "<group>"; };
		3D60FA7316D7C60000AC73A2 /* Default@2x.png */ = {isa = PBXFileReference; lastKnownFileType = image.png; path = "Default@2x.png"; sourceTree = "<group>"; };
		3D60FA7516D7C60000AC73A2 /* Default-568h@2x.png */ = {isa = PBXFileReference; lastKnownFileType = image.png; path = "Default-568h@2x.png"; sourceTree = "<group>"; };
		3D60FA8016D7C6FA00AC73A2 /* CoreData.framework */ = {isa = PBXFileReference; lastKnownFileType = wrapper.framework; name = CoreData.framework; path = System/Library/Frameworks/CoreData.framework; sourceTree = SDKROOT; };
		3D60FA8216D7C70100AC73A2 /* QuartzCore.framework */ = {isa = PBXFileReference; lastKnownFileType = wrapper.framework; name = QuartzCore.framework; path = System/Library/Frameworks/QuartzCore.framework; sourceTree = SDKROOT; };
		3D60FA8E16D7C90000AC73A2 /* CheckAppModel.xcdatamodel */ = {isa = PBXFileReference; lastKnownFileType = wrapper.xcdatamodel; path = CheckAppModel.xcdatamodel; sourceTree = "<group>"; };
		3D60FA9016D7CACC00AC73A2 /* JTObject.h */ = {isa = PBXFileReference; fileEncoding = 4; lastKnownFileType = sourcecode.c.h; name = JTObject.h; path = Classes/Objects/JTObject.h; sourceTree = "<group>"; };
		3D60FA9116D7CACC00AC73A2 /* JTObject.m */ = {isa = PBXFileReference; fileEncoding = 4; lastKnownFileType = sourcecode.c.objc; name = JTObject.m; path = Classes/Objects/JTObject.m; sourceTree = "<group>"; };
		3D60FA9316D7CACD00AC73A2 /* JTCategory.h */ = {isa = PBXFileReference; fileEncoding = 4; lastKnownFileType = sourcecode.c.h; name = JTCategory.h; path = Classes/Objects/JTCategory.h; sourceTree = "<group>"; };
		3D60FA9416D7CACD00AC73A2 /* JTCategory.m */ = {isa = PBXFileReference; fileEncoding = 4; lastKnownFileType = sourcecode.c.objc; name = JTCategory.m; path = Classes/Objects/JTCategory.m; sourceTree = "<group>"; };
		3D60FA9616D7CBFA00AC73A2 /* JTObjectManager.h */ = {isa = PBXFileReference; fileEncoding = 4; lastKnownFileType = sourcecode.c.h; name = JTObjectManager.h; path = Classes/Objects/JTObjectManager.h; sourceTree = "<group>"; };
		3D60FA9716D7CBFA00AC73A2 /* JTObjectManager.m */ = {isa = PBXFileReference; fileEncoding = 4; lastKnownFileType = sourcecode.c.objc; name = JTObjectManager.m; path = Classes/Objects/JTObjectManager.m; sourceTree = "<group>"; };
		3D60FA9C16D7CD2300AC73A2 /* JTRootViewController.h */ = {isa = PBXFileReference; fileEncoding = 4; lastKnownFileType = sourcecode.c.h; name = JTRootViewController.h; path = Classes/Controllers/JTRootViewController.h; sourceTree = "<group>"; };
		3D60FA9D16D7CD2300AC73A2 /* JTRootViewController.m */ = {isa = PBXFileReference; fileEncoding = 4; lastKnownFileType = sourcecode.c.objc; name = JTRootViewController.m; path = Classes/Controllers/JTRootViewController.m; sourceTree = "<group>"; };
		3D60FA9F16D7CE1100AC73A2 /* JTMainTabBarController.h */ = {isa = PBXFileReference; fileEncoding = 4; lastKnownFileType = sourcecode.c.h; name = JTMainTabBarController.h; path = Classes/Controllers/JTMainTabBarController.h; sourceTree = "<group>"; };
		3D60FAA016D7CE1100AC73A2 /* JTMainTabBarController.m */ = {isa = PBXFileReference; fileEncoding = 4; lastKnownFileType = sourcecode.c.objc; name = JTMainTabBarController.m; path = Classes/Controllers/JTMainTabBarController.m; sourceTree = "<group>"; };
		3D60FAB116D7D52B00AC73A2 /* NSIndexPath+PSTCollectionViewAdditions.h */ = {isa = PBXFileReference; fileEncoding = 4; lastKnownFileType = sourcecode.c.h; path = "NSIndexPath+PSTCollectionViewAdditions.h"; sourceTree = "<group>"; };
		3D60FAB216D7D52B00AC73A2 /* NSIndexPath+PSTCollectionViewAdditions.m */ = {isa = PBXFileReference; fileEncoding = 4; lastKnownFileType = sourcecode.c.objc; path = "NSIndexPath+PSTCollectionViewAdditions.m"; sourceTree = "<group>"; };
		3D60FAB316D7D52B00AC73A2 /* PSTCollectionView.h */ = {isa = PBXFileReference; fileEncoding = 4; lastKnownFileType = sourcecode.c.h; path = PSTCollectionView.h; sourceTree = "<group>"; };
		3D60FAB416D7D52B00AC73A2 /* PSTCollectionView.m */ = {isa = PBXFileReference; fileEncoding = 4; lastKnownFileType = sourcecode.c.objc; path = PSTCollectionView.m; sourceTree = "<group>"; };
		3D60FAB516D7D52B00AC73A2 /* PSTCollectionViewCell.h */ = {isa = PBXFileReference; fileEncoding = 4; lastKnownFileType = sourcecode.c.h; path = PSTCollectionViewCell.h; sourceTree = "<group>"; };
		3D60FAB616D7D52B00AC73A2 /* PSTCollectionViewCell.m */ = {isa = PBXFileReference; fileEncoding = 4; lastKnownFileType = sourcecode.c.objc; path = PSTCollectionViewCell.m; sourceTree = "<group>"; };
		3D60FAB716D7D52B00AC73A2 /* PSTCollectionViewCommon.h */ = {isa = PBXFileReference; fileEncoding = 4; lastKnownFileType = sourcecode.c.h; path = PSTCollectionViewCommon.h; sourceTree = "<group>"; };
		3D60FAB816D7D52B00AC73A2 /* PSTCollectionViewController.h */ = {isa = PBXFileReference; fileEncoding = 4; lastKnownFileType = sourcecode.c.h; path = PSTCollectionViewController.h; sourceTree = "<group>"; };
		3D60FAB916D7D52B00AC73A2 /* PSTCollectionViewController.m */ = {isa = PBXFileReference; fileEncoding = 4; lastKnownFileType = sourcecode.c.objc; path = PSTCollectionViewController.m; sourceTree = "<group>"; };
		3D60FABA16D7D52B00AC73A2 /* PSTCollectionViewData.h */ = {isa = PBXFileReference; fileEncoding = 4; lastKnownFileType = sourcecode.c.h; path = PSTCollectionViewData.h; sourceTree = "<group>"; };
		3D60FABB16D7D52B00AC73A2 /* PSTCollectionViewData.m */ = {isa = PBXFileReference; fileEncoding = 4; lastKnownFileType = sourcecode.c.objc; path = PSTCollectionViewData.m; sourceTree = "<group>"; };
		3D60FABC16D7D52B00AC73A2 /* PSTCollectionViewFlowLayout.h */ = {isa = PBXFileReference; fileEncoding = 4; lastKnownFileType = sourcecode.c.h; path = PSTCollectionViewFlowLayout.h; sourceTree = "<group>"; };
		3D60FABD16D7D52B00AC73A2 /* PSTCollectionViewFlowLayout.m */ = {isa = PBXFileReference; fileEncoding = 4; lastKnownFileType = sourcecode.c.objc; path = PSTCollectionViewFlowLayout.m; sourceTree = "<group>"; };
		3D60FABE16D7D52B00AC73A2 /* PSTCollectionViewItemKey.h */ = {isa = PBXFileReference; fileEncoding = 4; lastKnownFileType = sourcecode.c.h; path = PSTCollectionViewItemKey.h; sourceTree = "<group>"; };
		3D60FABF16D7D52B00AC73A2 /* PSTCollectionViewItemKey.m */ = {isa = PBXFileReference; fileEncoding = 4; lastKnownFileType = sourcecode.c.objc; path = PSTCollectionViewItemKey.m; sourceTree = "<group>"; };
		3D60FAC016D7D52B00AC73A2 /* PSTCollectionViewLayout.h */ = {isa = PBXFileReference; fileEncoding = 4; lastKnownFileType = sourcecode.c.h; path = PSTCollectionViewLayout.h; sourceTree = "<group>"; };
		3D60FAC116D7D52B00AC73A2 /* PSTCollectionViewLayout.m */ = {isa = PBXFileReference; fileEncoding = 4; lastKnownFileType = sourcecode.c.objc; path = PSTCollectionViewLayout.m; sourceTree = "<group>"; };
		3D60FAC216D7D52B00AC73A2 /* PSTCollectionViewUpdateItem.h */ = {isa = PBXFileReference; fileEncoding = 4; lastKnownFileType = sourcecode.c.h; path = PSTCollectionViewUpdateItem.h; sourceTree = "<group>"; };
		3D60FAC316D7D52B00AC73A2 /* PSTCollectionViewUpdateItem.m */ = {isa = PBXFileReference; fileEncoding = 4; lastKnownFileType = sourcecode.c.objc; path = PSTCollectionViewUpdateItem.m; sourceTree = "<group>"; };
		3D60FAC416D7D52B00AC73A2 /* PSTGridLayoutInfo.h */ = {isa = PBXFileReference; fileEncoding = 4; lastKnownFileType = sourcecode.c.h; path = PSTGridLayoutInfo.h; sourceTree = "<group>"; };
		3D60FAC516D7D52B00AC73A2 /* PSTGridLayoutInfo.m */ = {isa = PBXFileReference; fileEncoding = 4; lastKnownFileType = sourcecode.c.objc; path = PSTGridLayoutInfo.m; sourceTree = "<group>"; };
		3D60FAC616D7D52B00AC73A2 /* PSTGridLayoutItem.h */ = {isa = PBXFileReference; fileEncoding = 4; lastKnownFileType = sourcecode.c.h; path = PSTGridLayoutItem.h; sourceTree = "<group>"; };
		3D60FAC716D7D52B00AC73A2 /* PSTGridLayoutItem.m */ = {isa = PBXFileReference; fileEncoding = 4; lastKnownFileType = sourcecode.c.objc; path = PSTGridLayoutItem.m; sourceTree = "<group>"; };
		3D60FAC816D7D52B00AC73A2 /* PSTGridLayoutRow.h */ = {isa = PBXFileReference; fileEncoding = 4; lastKnownFileType = sourcecode.c.h; path = PSTGridLayoutRow.h; sourceTree = "<group>"; };
		3D60FAC916D7D52B00AC73A2 /* PSTGridLayoutRow.m */ = {isa = PBXFileReference; fileEncoding = 4; lastKnownFileType = sourcecode.c.objc; path = PSTGridLayoutRow.m; sourceTree = "<group>"; };
		3D60FACA16D7D52B00AC73A2 /* PSTGridLayoutSection.h */ = {isa = PBXFileReference; fileEncoding = 4; lastKnownFileType = sourcecode.c.h; path = PSTGridLayoutSection.h; sourceTree = "<group>"; };
		3D60FACB16D7D52B00AC73A2 /* PSTGridLayoutSection.m */ = {isa = PBXFileReference; fileEncoding = 4; lastKnownFileType = sourcecode.c.objc; path = PSTGridLayoutSection.m; sourceTree = "<group>"; };
		3D60FAD916D7D56500AC73A2 /* JTCategoryViewController.h */ = {isa = PBXFileReference; fileEncoding = 4; lastKnownFileType = sourcecode.c.h; name = JTCategoryViewController.h; path = Classes/Controllers/JTCategoryViewController.h; sourceTree = "<group>"; };
		3D60FADA16D7D56500AC73A2 /* JTCategoryViewController.m */ = {isa = PBXFileReference; fileEncoding = 4; lastKnownFileType = sourcecode.c.objc; name = JTCategoryViewController.m; path = Classes/Controllers/JTCategoryViewController.m; sourceTree = "<group>"; };
		3D60FAE016D7E22300AC73A2 /* JTCategoryItemCell.h */ = {isa = PBXFileReference; fileEncoding = 4; lastKnownFileType = sourcecode.c.h; name = JTCategoryItemCell.h; path = Classes/Cells/JTCategoryItemCell.h; sourceTree = "<group>"; };
		3D60FAE116D7E22300AC73A2 /* JTCategoryItemCell.m */ = {isa = PBXFileReference; fileEncoding = 4; lastKnownFileType = sourcecode.c.objc; name = JTCategoryItemCell.m; path = Classes/Cells/JTCategoryItemCell.m; sourceTree = "<group>"; };
		3D78FD7816E51C6300C9A28C /* JTSettingsViewController.h */ = {isa = PBXFileReference; fileEncoding = 4; lastKnownFileType = sourcecode.c.h; name = JTSettingsViewController.h; path = Classes/Controllers/JTSettingsViewController.h; sourceTree = "<group>"; };
		3D78FD7916E51C6300C9A28C /* JTSettingsViewController.m */ = {isa = PBXFileReference; fileEncoding = 4; lastKnownFileType = sourcecode.c.objc; name = JTSettingsViewController.m; path = Classes/Controllers/JTSettingsViewController.m; sourceTree = "<group>"; };
		3D78FD8016E51CD600C9A28C /* JTItemsCell.h */ = {isa = PBXFileReference; fileEncoding = 4; lastKnownFileType = sourcecode.c.h; name = JTItemsCell.h; path = Classes/Cells/JTItemsCell.h; sourceTree = "<group>"; };
		3D78FD8116E51CD600C9A28C /* JTItemsCell.m */ = {isa = PBXFileReference; fileEncoding = 4; lastKnownFileType = sourcecode.c.objc; name = JTItemsCell.m; path = Classes/Cells/JTItemsCell.m; sourceTree = "<group>"; };
		3D78FD8616E5238C00C9A28C /* deleteBtn.png */ = {isa = PBXFileReference; lastKnownFileType = image.png; name = deleteBtn.png; path = Assets/Icons/deleteBtn.png; sourceTree = "<group>"; };
		3D78FD8716E5238C00C9A28C /* deleteBtn@2x.png */ = {isa = PBXFileReference; lastKnownFileType = image.png; name = "deleteBtn@2x.png"; path = "Assets/Icons/deleteBtn@2x.png"; sourceTree = "<group>"; };
		3D78FD8816E5238C00C9A28C /* expiredBtn_expired.png */ = {isa = PBXFileReference; lastKnownFileType = image.png; name = expiredBtn_expired.png; path = Assets/Icons/expiredBtn_expired.png; sourceTree = "<group>"; };
		3D78FD8916E5238C00C9A28C /* expiredBtn_expired@2x.png */ = {isa = PBXFileReference; lastKnownFileType = image.png; name = "expiredBtn_expired@2x.png"; path = "Assets/Icons/expiredBtn_expired@2x.png"; sourceTree = "<group>"; };
		3D78FD8A16E5238C00C9A28C /* toBuyBtn_disable.png */ = {isa = PBXFileReference; lastKnownFileType = image.png; name = toBuyBtn_disable.png; path = Assets/Icons/toBuyBtn_disable.png; sourceTree = "<group>"; };
		3D78FD8B16E5238C00C9A28C /* toBuyBtn_disable@2x.png */ = {isa = PBXFileReference; lastKnownFileType = image.png; name = "toBuyBtn_disable@2x.png"; path = "Assets/Icons/toBuyBtn_disable@2x.png"; sourceTree = "<group>"; };
		3D78FD8C16E5238C00C9A28C /* toBuyBtn.png */ = {isa = PBXFileReference; lastKnownFileType = image.png; name = toBuyBtn.png; path = Assets/Icons/toBuyBtn.png; sourceTree = "<group>"; };
		3D78FD8D16E5238C00C9A28C /* toBuyBtn@2x.png */ = {isa = PBXFileReference; lastKnownFileType = image.png; name = "toBuyBtn@2x.png"; path = "Assets/Icons/toBuyBtn@2x.png"; sourceTree = "<group>"; };
		3D78FD9616E52A6B00C9A28C /* btn_expired.png */ = {isa = PBXFileReference; lastKnownFileType = image.png; name = btn_expired.png; path = Assets/Icons/btn_expired.png; sourceTree = "<group>"; };
		3D78FD9716E52A6B00C9A28C /* btn_expired@2x.png */ = {isa = PBXFileReference; lastKnownFileType = image.png; name = "btn_expired@2x.png"; path = "Assets/Icons/btn_expired@2x.png"; sourceTree = "<group>"; };
		3D78FD9E16E53A1400C9A28C /* btn_placeholder_temp.png */ = {isa = PBXFileReference; lastKnownFileType = image.png; name = btn_placeholder_temp.png; path = Assets/btn_placeholder_temp.png; sourceTree = "<group>"; };
		3D78FD9F16E53A1400C9A28C /* btn_placeholder_temp@2x copy.png */ = {isa = PBXFileReference; lastKnownFileType = image.png; name = "btn_placeholder_temp@2x copy.png"; path = "Assets/btn_placeholder_temp@2x copy.png"; sourceTree = "<group>"; };
		3D78FDAA16E54CF700C9A28C /* UIImage+JTAdditions.h */ = {isa = PBXFileReference; fileEncoding = 4; lastKnownFileType = sourcecode.c.h; name = "UIImage+JTAdditions.h"; path = "Classes/Categories/UIImage+JTAdditions.h"; sourceTree = "<group>"; };
		3D78FDAB16E54CF700C9A28C /* UIImage+JTAdditions.m */ = {isa = PBXFileReference; fileEncoding = 4; lastKnownFileType = sourcecode.c.objc; name = "UIImage+JTAdditions.m"; path = "Classes/Categories/UIImage+JTAdditions.m"; sourceTree = "<group>"; };
		3D78FDAD16E5681E00C9A28C /* EventKit.framework */ = {isa = PBXFileReference; lastKnownFileType = wrapper.framework; name = EventKit.framework; path = System/Library/Frameworks/EventKit.framework; sourceTree = SDKROOT; };
		3D78FDAF16E56DA600C9A28C /* JTReminderManger.h */ = {isa = PBXFileReference; fileEncoding = 4; lastKnownFileType = sourcecode.c.h; name = JTReminderManger.h; path = Classes/Objects/JTReminderManger.h; sourceTree = "<group>"; };
		3D78FDB016E56DA600C9A28C /* JTReminderManger.m */ = {isa = PBXFileReference; fileEncoding = 4; lastKnownFileType = sourcecode.c.objc; name = JTReminderManger.m; path = Classes/Objects/JTReminderManger.m; sourceTree = "<group>"; };
		3D78FDB616E66A6400C9A28C /* JTDetailViewController.h */ = {isa = PBXFileReference; fileEncoding = 4; lastKnownFileType = sourcecode.c.h; name = JTDetailViewController.h; path = Classes/Controllers/JTDetailViewController.h; sourceTree = "<group>"; };
		3D78FDB716E66A6400C9A28C /* JTDetailViewController.m */ = {isa = PBXFileReference; fileEncoding = 4; lastKnownFileType = sourcecode.c.objc; name = JTDetailViewController.m; path = Classes/Controllers/JTDetailViewController.m; sourceTree = "<group>"; };
		3D78FDB916E6805700C9A28C /* JTHeaderView.h */ = {isa = PBXFileReference; fileEncoding = 4; lastKnownFileType = sourcecode.c.h; name = JTHeaderView.h; path = Classes/Views/JTHeaderView.h; sourceTree = "<group>"; };
		3D78FDBA16E6805700C9A28C /* JTHeaderView.m */ = {isa = PBXFileReference; fileEncoding = 4; lastKnownFileType = sourcecode.c.objc; name = JTHeaderView.m; path = Classes/Views/JTHeaderView.m; sourceTree = "<group>"; };
		3DBA6A9D16E00E40009719DF /* btn_camera_black.png */ = {isa = PBXFileReference; lastKnownFileType = image.png; name = btn_camera_black.png; path = Assets/Icons/btn_camera_black.png; sourceTree = "<group>"; };
		3DBA6A9E16E00E40009719DF /* btn_camera_black@2x.png */ = {isa = PBXFileReference; lastKnownFileType = image.png; name = "btn_camera_black@2x.png"; path = "Assets/Icons/btn_camera_black@2x.png"; sourceTree = "<group>"; };
		3DBA6AA116E014C7009719DF /* iAd.framework */ = {isa = PBXFileReference; lastKnownFileType = wrapper.framework; name = iAd.framework; path = System/Library/Frameworks/iAd.framework; sourceTree = SDKROOT; };
		7E7EBBAC16D81931008A5E83 /* cameraTabBarItem.png */ = {isa = PBXFileReference; lastKnownFileType = image.png; name = cameraTabBarItem.png; path = Assets/Icons/cameraTabBarItem.png; sourceTree = "<group>"; };
		7E7EBBAD16D81931008A5E83 /* cameraTabBarItem@2x.png */ = {isa = PBXFileReference; lastKnownFileType = image.png; name = "cameraTabBarItem@2x.png"; path = "Assets/Icons/cameraTabBarItem@2x.png"; sourceTree = "<group>"; };
		7E7EBBB116D825BD008A5E83 /* bg_CategoryCell.png */ = {isa = PBXFileReference; lastKnownFileType = image.png; name = bg_CategoryCell.png; path = Assets/Backgrounds/bg_CategoryCell.png; sourceTree = "<group>"; };
		7E7EBBB216D825BD008A5E83 /* bg_CategoryCell@2x.png */ = {isa = PBXFileReference; lastKnownFileType = image.png; name = "bg_CategoryCell@2x.png"; path = "Assets/Backgrounds/bg_CategoryCell@2x.png"; sourceTree = "<group>"; };
		7E7EBBB616D82DFB008A5E83 /* bg_CategoryCellwithTape.png */ = {isa = PBXFileReference; lastKnownFileType = image.png; name = bg_CategoryCellwithTape.png; path = Assets/Backgrounds/bg_CategoryCellwithTape.png; sourceTree = "<group>"; };
		7E7EBBB716D82DFB008A5E83 /* bg_CategoryCellwithTape@2x.png */ = {isa = PBXFileReference; lastKnownFileType = image.png; name = "bg_CategoryCellwithTape@2x.png"; path = "Assets/Backgrounds/bg_CategoryCellwithTape@2x.png"; sourceTree = "<group>"; };
		7E7EBBBA16D83620008A5E83 /* JTItemsViewController.h */ = {isa = PBXFileReference; fileEncoding = 4; lastKnownFileType = sourcecode.c.h; name = JTItemsViewController.h; path = Classes/Controllers/JTItemsViewController.h; sourceTree = "<group>"; };
		7E7EBBBB16D83620008A5E83 /* JTItemsViewController.m */ = {isa = PBXFileReference; fileEncoding = 4; lastKnownFileType = sourcecode.c.objc; name = JTItemsViewController.m; path = Classes/Controllers/JTItemsViewController.m; sourceTree = "<group>"; };
		7E7EBBBD16D83742008A5E83 /* JTBuyListViewController.h */ = {isa = PBXFileReference; fileEncoding = 4; lastKnownFileType = sourcecode.c.h; name = JTBuyListViewController.h; path = Classes/Controllers/JTBuyListViewController.h; sourceTree = "<group>"; };
		7E7EBBBE16D83742008A5E83 /* JTBuyListViewController.m */ = {isa = PBXFileReference; fileEncoding = 4; lastKnownFileType = sourcecode.c.objc; name = JTBuyListViewController.m; path = Classes/Controllers/JTBuyListViewController.m; sourceTree = "<group>"; };
		7E7EBBC016D8862D008A5E83 /* NSString+JTAdditions.h */ = {isa = PBXFileReference; fileEncoding = 4; lastKnownFileType = sourcecode.c.h; name = "NSString+JTAdditions.h"; path = "Classes/Categories/NSString+JTAdditions.h"; sourceTree = "<group>"; };
		7E7EBBC116D8862D008A5E83 /* NSString+JTAdditions.m */ = {isa = PBXFileReference; fileEncoding = 4; lastKnownFileType = sourcecode.c.objc; name = "NSString+JTAdditions.m"; path = "Classes/Categories/NSString+JTAdditions.m"; sourceTree = "<group>"; };
		7E7EBBC316D92C85008A5E83 /* bg_CategoryCellwithTape_white.png */ = {isa = PBXFileReference; lastKnownFileType = image.png; name = bg_CategoryCellwithTape_white.png; path = Assets/Backgrounds/bg_CategoryCellwithTape_white.png; sourceTree = "<group>"; };
		7E7EBBC416D92C85008A5E83 /* bg_CategoryCellwithTape_white@2x.png */ = {isa = PBXFileReference; lastKnownFileType = image.png; name = "bg_CategoryCellwithTape_white@2x.png"; path = "Assets/Backgrounds/bg_CategoryCellwithTape_white@2x.png"; sourceTree = "<group>"; };
		7E7EBBC716DA87D4008A5E83 /* JTModalView.h */ = {isa = PBXFileReference; fileEncoding = 4; lastKnownFileType = sourcecode.c.h; name = JTModalView.h; path = Classes/Views/JTModalView.h; sourceTree = "<group>"; };
		7E7EBBC816DA87D4008A5E83 /* JTModalView.m */ = {isa = PBXFileReference; fileEncoding = 4; lastKnownFileType = sourcecode.c.objc; name = JTModalView.m; path = Classes/Views/JTModalView.m; sourceTree = "<group>"; };
/* End PBXFileReference section */

/* Begin PBXFrameworksBuildPhase section */
		3D60FA5816D7C60000AC73A2 /* Frameworks */ = {
			isa = PBXFrameworksBuildPhase;
			buildActionMask = 2147483647;
			files = (
				3D78FDAE16E5681F00C9A28C /* EventKit.framework in Frameworks */,
				3DBA6AA216E014C7009719DF /* iAd.framework in Frameworks */,
				3D60FA8316D7C70100AC73A2 /* QuartzCore.framework in Frameworks */,
				3D60FA8116D7C6FA00AC73A2 /* CoreData.framework in Frameworks */,
				3D60FA6016D7C60000AC73A2 /* UIKit.framework in Frameworks */,
				3D60FA6216D7C60000AC73A2 /* Foundation.framework in Frameworks */,
				3D60FA6416D7C60000AC73A2 /* CoreGraphics.framework in Frameworks */,
			);
			runOnlyForDeploymentPostprocessing = 0;
		};
/* End PBXFrameworksBuildPhase section */

/* Begin PBXGroup section */
		3D60FA5016D7C60000AC73A2 = {
			isa = PBXGroup;
			children = (
				3D78FDAD16E5681E00C9A28C /* EventKit.framework */,
				3DBA6AA116E014C7009719DF /* iAd.framework */,
				3D60FA6516D7C60000AC73A2 /* CheckApp */,
				3D60FA5E16D7C60000AC73A2 /* Frameworks */,
				3D60FA5C16D7C60000AC73A2 /* Products */,
			);
			sourceTree = "<group>";
		};
		3D60FA5C16D7C60000AC73A2 /* Products */ = {
			isa = PBXGroup;
			children = (
				3D60FA5B16D7C60000AC73A2 /* CheckApp.app */,
			);
			name = Products;
			sourceTree = "<group>";
		};
		3D60FA5E16D7C60000AC73A2 /* Frameworks */ = {
			isa = PBXGroup;
			children = (
				3D60FA8216D7C70100AC73A2 /* QuartzCore.framework */,
				3D60FA8016D7C6FA00AC73A2 /* CoreData.framework */,
				3D60FA5F16D7C60000AC73A2 /* UIKit.framework */,
				3D60FA6116D7C60000AC73A2 /* Foundation.framework */,
				3D60FA6316D7C60000AC73A2 /* CoreGraphics.framework */,
			);
			name = Frameworks;
			sourceTree = "<group>";
		};
		3D60FA6516D7C60000AC73A2 /* CheckApp */ = {
			isa = PBXGroup;
			children = (
				3D60FA6E16D7C60000AC73A2 /* JTAppDelegate.h */,
				3D60FA6F16D7C60000AC73A2 /* JTAppDelegate.m */,
				3D60FAAF16D7D51300AC73A2 /* Vendors */,
				3D60FA8616D7C82F00AC73A2 /* Assets */,
				3D60FA8516D7C81D00AC73A2 /* Categories */,
				3D60FA8416D7C80B00AC73A2 /* Classes */,
				3D60FA6616D7C60000AC73A2 /* Supporting Files */,
			);
			path = CheckApp;
			sourceTree = "<group>";
		};
		3D60FA6616D7C60000AC73A2 /* Supporting Files */ = {
			isa = PBXGroup;
			children = (
				3D60FA6716D7C60000AC73A2 /* CheckApp-Info.plist */,
				3D60FA6816D7C60000AC73A2 /* InfoPlist.strings */,
				3D60FA6B16D7C60000AC73A2 /* main.m */,
				3D60FA6D16D7C60000AC73A2 /* CheckApp-Prefix.pch */,
				3D60FA7116D7C60000AC73A2 /* Default.png */,
				3D60FA7316D7C60000AC73A2 /* Default@2x.png */,
				3D60FA7516D7C60000AC73A2 /* Default-568h@2x.png */,
			);
			name = "Supporting Files";
			sourceTree = "<group>";
		};
		3D60FA8416D7C80B00AC73A2 /* Classes */ = {
			isa = PBXGroup;
			children = (
				3D60FA8716D7C84500AC73A2 /* Objects */,
				3D60FA8C16D7C89400AC73A2 /* Cells */,
				3D60FA8B16D7C88D00AC73A2 /* Views */,
				3D60FA8816D7C85300AC73A2 /* Controllers */,
			);
			name = Classes;
			sourceTree = "<group>";
		};
		3D60FA8516D7C81D00AC73A2 /* Categories */ = {
			isa = PBXGroup;
			children = (
				7E7EBBC016D8862D008A5E83 /* NSString+JTAdditions.h */,
				7E7EBBC116D8862D008A5E83 /* NSString+JTAdditions.m */,
				3D78FDAA16E54CF700C9A28C /* UIImage+JTAdditions.h */,
				3D78FDAB16E54CF700C9A28C /* UIImage+JTAdditions.m */,
			);
			name = Categories;
			sourceTree = "<group>";
		};
		3D60FA8616D7C82F00AC73A2 /* Assets */ = {
			isa = PBXGroup;
			children = (
				3D78FD9E16E53A1400C9A28C /* btn_placeholder_temp.png */,
				3D78FD9F16E53A1400C9A28C /* btn_placeholder_temp@2x copy.png */,
				3D78FD8416E5235800C9A28C /* Buttons */,
				3D78FD8516E5236300C9A28C /* Backgrounds */,
				7E7EBBAC16D81931008A5E83 /* cameraTabBarItem.png */,
				7E7EBBAD16D81931008A5E83 /* cameraTabBarItem@2x.png */,
			);
			name = Assets;
			sourceTree = "<group>";
		};
		3D60FA8716D7C84500AC73A2 /* Objects */ = {
			isa = PBXGroup;
			children = (
				3D60FA8D16D7C90000AC73A2 /* CheckAppModel.xcdatamodeld */,
				3D60FA9316D7CACD00AC73A2 /* JTCategory.h */,
				3D60FA9416D7CACD00AC73A2 /* JTCategory.m */,
				3D60FA9016D7CACC00AC73A2 /* JTObject.h */,
				3D60FA9116D7CACC00AC73A2 /* JTObject.m */,
				3D60FA9616D7CBFA00AC73A2 /* JTObjectManager.h */,
				3D60FA9716D7CBFA00AC73A2 /* JTObjectManager.m */,
				3D78FDAF16E56DA600C9A28C /* JTReminderManger.h */,
				3D78FDB016E56DA600C9A28C /* JTReminderManger.m */,
			);
			name = Objects;
			sourceTree = "<group>";
		};
		3D60FA8816D7C85300AC73A2 /* Controllers */ = {
			isa = PBXGroup;
			children = (
				7E7EBBB516D82913008A5E83 /* TableViewControllers */,
				3D60FA9B16D7CCB400AC73A2 /* NavigationControllers */,
				3D60FA9A16D7CCA900AC73A2 /* ViewControllers */,
				3D60FA9916D7CC9A00AC73A2 /* TabBarControllers */,
			);
			name = Controllers;
			sourceTree = "<group>";
		};
		3D60FA8B16D7C88D00AC73A2 /* Views */ = {
			isa = PBXGroup;
			children = (
				7E7EBBC716DA87D4008A5E83 /* JTModalView.h */,
				7E7EBBC816DA87D4008A5E83 /* JTModalView.m */,
				3D78FDB916E6805700C9A28C /* JTHeaderView.h */,
				3D78FDBA16E6805700C9A28C /* JTHeaderView.m */,
			);
			name = Views;
			sourceTree = "<group>";
		};
		3D60FA8C16D7C89400AC73A2 /* Cells */ = {
			isa = PBXGroup;
			children = (
				3D60FAE016D7E22300AC73A2 /* JTCategoryItemCell.h */,
				3D60FAE116D7E22300AC73A2 /* JTCategoryItemCell.m */,
				3D78FD8016E51CD600C9A28C /* JTItemsCell.h */,
				3D78FD8116E51CD600C9A28C /* JTItemsCell.m */,
			);
			name = Cells;
			sourceTree = "<group>";
		};
		3D60FA9916D7CC9A00AC73A2 /* TabBarControllers */ = {
			isa = PBXGroup;
			children = (
				3D60FA9F16D7CE1100AC73A2 /* JTMainTabBarController.h */,
				3D60FAA016D7CE1100AC73A2 /* JTMainTabBarController.m */,
			);
			name = TabBarControllers;
			sourceTree = "<group>";
		};
		3D60FA9A16D7CCA900AC73A2 /* ViewControllers */ = {
			isa = PBXGroup;
			children = (
				3D60FAD916D7D56500AC73A2 /* JTCategoryViewController.h */,
				3D60FADA16D7D56500AC73A2 /* JTCategoryViewController.m */,
				3D60FA9C16D7CD2300AC73A2 /* JTRootViewController.h */,
				3D60FA9D16D7CD2300AC73A2 /* JTRootViewController.m */,
			);
			name = ViewControllers;
			sourceTree = "<group>";
		};
		3D60FA9B16D7CCB400AC73A2 /* NavigationControllers */ = {
			isa = PBXGroup;
			children = (
			);
			name = NavigationControllers;
			sourceTree = "<group>";
		};
		3D60FAAF16D7D51300AC73A2 /* Vendors */ = {
			isa = PBXGroup;
			children = (
				3D60FAB016D7D52B00AC73A2 /* PSTCollectionView */,
			);
			name = Vendors;
			sourceTree = "<group>";
		};
		3D60FAB016D7D52B00AC73A2 /* PSTCollectionView */ = {
			isa = PBXGroup;
			children = (
				3D60FAB116D7D52B00AC73A2 /* NSIndexPath+PSTCollectionViewAdditions.h */,
				3D60FAB216D7D52B00AC73A2 /* NSIndexPath+PSTCollectionViewAdditions.m */,
				3D60FAB316D7D52B00AC73A2 /* PSTCollectionView.h */,
				3D60FAB416D7D52B00AC73A2 /* PSTCollectionView.m */,
				3D60FAB516D7D52B00AC73A2 /* PSTCollectionViewCell.h */,
				3D60FAB616D7D52B00AC73A2 /* PSTCollectionViewCell.m */,
				3D60FAB716D7D52B00AC73A2 /* PSTCollectionViewCommon.h */,
				3D60FAB816D7D52B00AC73A2 /* PSTCollectionViewController.h */,
				3D60FAB916D7D52B00AC73A2 /* PSTCollectionViewController.m */,
				3D60FABA16D7D52B00AC73A2 /* PSTCollectionViewData.h */,
				3D60FABB16D7D52B00AC73A2 /* PSTCollectionViewData.m */,
				3D60FABC16D7D52B00AC73A2 /* PSTCollectionViewFlowLayout.h */,
				3D60FABD16D7D52B00AC73A2 /* PSTCollectionViewFlowLayout.m */,
				3D60FABE16D7D52B00AC73A2 /* PSTCollectionViewItemKey.h */,
				3D60FABF16D7D52B00AC73A2 /* PSTCollectionViewItemKey.m */,
				3D60FAC016D7D52B00AC73A2 /* PSTCollectionViewLayout.h */,
				3D60FAC116D7D52B00AC73A2 /* PSTCollectionViewLayout.m */,
				3D60FAC216D7D52B00AC73A2 /* PSTCollectionViewUpdateItem.h */,
				3D60FAC316D7D52B00AC73A2 /* PSTCollectionViewUpdateItem.m */,
				3D60FAC416D7D52B00AC73A2 /* PSTGridLayoutInfo.h */,
				3D60FAC516D7D52B00AC73A2 /* PSTGridLayoutInfo.m */,
				3D60FAC616D7D52B00AC73A2 /* PSTGridLayoutItem.h */,
				3D60FAC716D7D52B00AC73A2 /* PSTGridLayoutItem.m */,
				3D60FAC816D7D52B00AC73A2 /* PSTGridLayoutRow.h */,
				3D60FAC916D7D52B00AC73A2 /* PSTGridLayoutRow.m */,
				3D60FACA16D7D52B00AC73A2 /* PSTGridLayoutSection.h */,
				3D60FACB16D7D52B00AC73A2 /* PSTGridLayoutSection.m */,
			);
			name = PSTCollectionView;
			path = Vendors/PSTCollectionView;
			sourceTree = "<group>";
		};
		3D78FD8416E5235800C9A28C /* Buttons */ = {
			isa = PBXGroup;
			children = (
				3D78FD9616E52A6B00C9A28C /* btn_expired.png */,
				3D78FD9716E52A6B00C9A28C /* btn_expired@2x.png */,
				3D78FD8616E5238C00C9A28C /* deleteBtn.png */,
				3D78FD8716E5238C00C9A28C /* deleteBtn@2x.png */,
				3D78FD8816E5238C00C9A28C /* expiredBtn_expired.png */,
				3D78FD8916E5238C00C9A28C /* expiredBtn_expired@2x.png */,
				3D78FD8A16E5238C00C9A28C /* toBuyBtn_disable.png */,
				3D78FD8B16E5238C00C9A28C /* toBuyBtn_disable@2x.png */,
				3D78FD8C16E5238C00C9A28C /* toBuyBtn.png */,
				3D78FD8D16E5238C00C9A28C /* toBuyBtn@2x.png */,
				3DBA6A9D16E00E40009719DF /* btn_camera_black.png */,
				3DBA6A9E16E00E40009719DF /* btn_camera_black@2x.png */,
				3D19159916DC6CDF0085B198 /* btn_close_red_center.png */,
				3D19159A16DC6CDF0085B198 /* btn_close_red_center@2x.png */,
				3D19159B16DC6CDF0085B198 /* btn_modal.png */,
				3D19159C16DC6CDF0085B198 /* btn_modal@2x.png */,
			);
			name = Buttons;
			sourceTree = "<group>";
		};
		3D78FD8516E5236300C9A28C /* Backgrounds */ = {
			isa = PBXGroup;
			children = (
				7E7EBBC316D92C85008A5E83 /* bg_CategoryCellwithTape_white.png */,
				7E7EBBC416D92C85008A5E83 /* bg_CategoryCellwithTape_white@2x.png */,
				7E7EBBB616D82DFB008A5E83 /* bg_CategoryCellwithTape.png */,
				7E7EBBB716D82DFB008A5E83 /* bg_CategoryCellwithTape@2x.png */,
				7E7EBBB116D825BD008A5E83 /* bg_CategoryCell.png */,
				7E7EBBB216D825BD008A5E83 /* bg_CategoryCell@2x.png */,
			);
			name = Backgrounds;
			sourceTree = "<group>";
		};
		7E7EBBB516D82913008A5E83 /* TableViewControllers */ = {
			isa = PBXGroup;
			children = (
				7E7EBBBA16D83620008A5E83 /* JTItemsViewController.h */,
				7E7EBBBB16D83620008A5E83 /* JTItemsViewController.m */,
				7E7EBBBD16D83742008A5E83 /* JTBuyListViewController.h */,
				7E7EBBBE16D83742008A5E83 /* JTBuyListViewController.m */,
				3D78FD7816E51C6300C9A28C /* JTSettingsViewController.h */,
				3D78FD7916E51C6300C9A28C /* JTSettingsViewController.m */,
				3D78FDB616E66A6400C9A28C /* JTDetailViewController.h */,
				3D78FDB716E66A6400C9A28C /* JTDetailViewController.m */,
			);
			name = TableViewControllers;
			sourceTree = "<group>";
		};
/* End PBXGroup section */

/* Begin PBXNativeTarget section */
		3D60FA5A16D7C60000AC73A2 /* CheckApp */ = {
			isa = PBXNativeTarget;
			buildConfigurationList = 3D60FA7916D7C60000AC73A2 /* Build configuration list for PBXNativeTarget "CheckApp" */;
			buildPhases = (
				3D60FA5716D7C60000AC73A2 /* Sources */,
				3D60FA5816D7C60000AC73A2 /* Frameworks */,
				3D60FA5916D7C60000AC73A2 /* Resources */,
			);
			buildRules = (
			);
			dependencies = (
			);
			name = CheckApp;
			productName = CheckApp;
			productReference = 3D60FA5B16D7C60000AC73A2 /* CheckApp.app */;
			productType = "com.apple.product-type.application";
		};
/* End PBXNativeTarget section */

/* Begin PBXProject section */
		3D60FA5216D7C60000AC73A2 /* Project object */ = {
			isa = PBXProject;
			attributes = {
				CLASSPREFIX = JT;
				LastUpgradeCheck = 0450;
				ORGANIZATIONNAME = "Joy Tao";
			};
			buildConfigurationList = 3D60FA5516D7C60000AC73A2 /* Build configuration list for PBXProject "CheckApp" */;
			compatibilityVersion = "Xcode 3.2";
			developmentRegion = English;
			hasScannedForEncodings = 0;
			knownRegions = (
				en,
			);
			mainGroup = 3D60FA5016D7C60000AC73A2;
			productRefGroup = 3D60FA5C16D7C60000AC73A2 /* Products */;
			projectDirPath = "";
			projectRoot = "";
			targets = (
				3D60FA5A16D7C60000AC73A2 /* CheckApp */,
			);
		};
/* End PBXProject section */

/* Begin PBXResourcesBuildPhase section */
		3D60FA5916D7C60000AC73A2 /* Resources */ = {
			isa = PBXResourcesBuildPhase;
			buildActionMask = 2147483647;
			files = (
				3D60FA6A16D7C60000AC73A2 /* InfoPlist.strings in Resources */,
				3D60FA7216D7C60000AC73A2 /* Default.png in Resources */,
				3D60FA7416D7C60000AC73A2 /* Default@2x.png in Resources */,
				3D60FA7616D7C60000AC73A2 /* Default-568h@2x.png in Resources */,
				7E7EBBAE16D81931008A5E83 /* cameraTabBarItem.png in Resources */,
				7E7EBBAF16D81931008A5E83 /* cameraTabBarItem@2x.png in Resources */,
				7E7EBBB316D825BD008A5E83 /* bg_CategoryCell.png in Resources */,
				7E7EBBB416D825BD008A5E83 /* bg_CategoryCell@2x.png in Resources */,
				7E7EBBB816D82DFB008A5E83 /* bg_CategoryCellwithTape.png in Resources */,
				7E7EBBB916D82DFB008A5E83 /* bg_CategoryCellwithTape@2x.png in Resources */,
				7E7EBBC516D92C85008A5E83 /* bg_CategoryCellwithTape_white.png in Resources */,
				7E7EBBC616D92C85008A5E83 /* bg_CategoryCellwithTape_white@2x.png in Resources */,
				3D19159D16DC6CDF0085B198 /* btn_close_red_center.png in Resources */,
				3D19159E16DC6CDF0085B198 /* btn_close_red_center@2x.png in Resources */,
				3D19159F16DC6CDF0085B198 /* btn_modal.png in Resources */,
				3D1915A016DC6CDF0085B198 /* btn_modal@2x.png in Resources */,
				3DBA6A9F16E00E40009719DF /* btn_camera_black.png in Resources */,
				3DBA6AA016E00E40009719DF /* btn_camera_black@2x.png in Resources */,
				3D78FD8E16E5238C00C9A28C /* deleteBtn.png in Resources */,
				3D78FD8F16E5238C00C9A28C /* deleteBtn@2x.png in Resources */,
				3D78FD9016E5238C00C9A28C /* expiredBtn_expired.png in Resources */,
				3D78FD9116E5238C00C9A28C /* expiredBtn_expired@2x.png in Resources */,
				3D78FD9216E5238C00C9A28C /* toBuyBtn_disable.png in Resources */,
				3D78FD9316E5238C00C9A28C /* toBuyBtn_disable@2x.png in Resources */,
				3D78FD9416E5238C00C9A28C /* toBuyBtn.png in Resources */,
				3D78FD9516E5238C00C9A28C /* toBuyBtn@2x.png in Resources */,
				3D78FD9816E52A6B00C9A28C /* btn_expired.png in Resources */,
				3D78FD9916E52A6B00C9A28C /* btn_expired@2x.png in Resources */,
				3D78FDA016E53A1400C9A28C /* btn_placeholder_temp.png in Resources */,
				3D78FDA116E53A1400C9A28C /* btn_placeholder_temp@2x copy.png in Resources */,
			);
			runOnlyForDeploymentPostprocessing = 0;
		};
/* End PBXResourcesBuildPhase section */

/* Begin PBXSourcesBuildPhase section */
		3D60FA5716D7C60000AC73A2 /* Sources */ = {
			isa = PBXSourcesBuildPhase;
			buildActionMask = 2147483647;
			files = (
				3D60FA6C16D7C60000AC73A2 /* main.m in Sources */,
				3D60FA7016D7C60000AC73A2 /* JTAppDelegate.m in Sources */,
				3D60FA8F16D7C90000AC73A2 /* CheckAppModel.xcdatamodeld in Sources */,
				3D60FA9216D7CACC00AC73A2 /* JTObject.m in Sources */,
				3D60FA9516D7CACD00AC73A2 /* JTCategory.m in Sources */,
				3D60FA9816D7CBFA00AC73A2 /* JTObjectManager.m in Sources */,
				3D60FA9E16D7CD2300AC73A2 /* JTRootViewController.m in Sources */,
				3D60FAA116D7CE1100AC73A2 /* JTMainTabBarController.m in Sources */,
				3D60FACC16D7D52B00AC73A2 /* NSIndexPath+PSTCollectionViewAdditions.m in Sources */,
				3D60FACD16D7D52B00AC73A2 /* PSTCollectionView.m in Sources */,
				3D60FACE16D7D52B00AC73A2 /* PSTCollectionViewCell.m in Sources */,
				3D60FACF16D7D52B00AC73A2 /* PSTCollectionViewController.m in Sources */,
				3D60FAD016D7D52B00AC73A2 /* PSTCollectionViewData.m in Sources */,
				3D60FAD116D7D52B00AC73A2 /* PSTCollectionViewFlowLayout.m in Sources */,
				3D60FAD216D7D52B00AC73A2 /* PSTCollectionViewItemKey.m in Sources */,
				3D60FAD316D7D52B00AC73A2 /* PSTCollectionViewLayout.m in Sources */,
				3D60FAD416D7D52B00AC73A2 /* PSTCollectionViewUpdateItem.m in Sources */,
				3D60FAD516D7D52B00AC73A2 /* PSTGridLayoutInfo.m in Sources */,
				3D60FAD616D7D52B00AC73A2 /* PSTGridLayoutItem.m in Sources */,
				3D60FAD716D7D52B00AC73A2 /* PSTGridLayoutRow.m in Sources */,
				3D60FAD816D7D52B00AC73A2 /* PSTGridLayoutSection.m in Sources */,
				3D60FADB16D7D56600AC73A2 /* JTCategoryViewController.m in Sources */,
				3D60FAE216D7E22300AC73A2 /* JTCategoryItemCell.m in Sources */,
				7E7EBBBC16D83620008A5E83 /* JTItemsViewController.m in Sources */,
				7E7EBBBF16D83742008A5E83 /* JTBuyListViewController.m in Sources */,
				7E7EBBC216D8862D008A5E83 /* NSString+JTAdditions.m in Sources */,
				7E7EBBC916DA87D5008A5E83 /* JTModalView.m in Sources */,
				3D78FD7A16E51C6300C9A28C /* JTSettingsViewController.m in Sources */,
				3D78FD8216E51CD600C9A28C /* JTItemsCell.m in Sources */,
				3D78FDAC16E54CF700C9A28C /* UIImage+JTAdditions.m in Sources */,
				3D78FDB116E56DA700C9A28C /* JTReminderManger.m in Sources */,
				3D78FDB816E66A6600C9A28C /* JTDetailViewController.m in Sources */,
				3D78FDBB16E6805700C9A28C /* JTHeaderView.m in Sources */,
			);
			runOnlyForDeploymentPostprocessing = 0;
		};
/* End PBXSourcesBuildPhase section */

/* Begin PBXVariantGroup section */
		3D60FA6816D7C60000AC73A2 /* InfoPlist.strings */ = {
			isa = PBXVariantGroup;
			children = (
				3D60FA6916D7C60000AC73A2 /* en */,
			);
			name = InfoPlist.strings;
			sourceTree = "<group>";
		};
/* End PBXVariantGroup section */

/* Begin XCBuildConfiguration section */
		3D60FA7716D7C60000AC73A2 /* Debug */ = {
			isa = XCBuildConfiguration;
			buildSettings = {
				ALWAYS_SEARCH_USER_PATHS = NO;
				CLANG_CXX_LANGUAGE_STANDARD = "gnu++0x";
				CLANG_CXX_LIBRARY = "libc++";
				CLANG_ENABLE_OBJC_ARC = YES;
				CLANG_WARN_EMPTY_BODY = YES;
				CLANG_WARN__DUPLICATE_METHOD_MATCH = YES;
				"CODE_SIGN_IDENTITY[sdk=iphoneos*]" = "iPhone Developer";
				COPY_PHASE_STRIP = NO;
				GCC_C_LANGUAGE_STANDARD = gnu99;
				GCC_DYNAMIC_NO_PIC = NO;
				GCC_OPTIMIZATION_LEVEL = 0;
				GCC_PREPROCESSOR_DEFINITIONS = (
					"DEBUG=1",
					"$(inherited)",
				);
				GCC_SYMBOLS_PRIVATE_EXTERN = NO;
				GCC_WARN_ABOUT_RETURN_TYPE = YES;
				GCC_WARN_UNINITIALIZED_AUTOS = YES;
				GCC_WARN_UNUSED_VARIABLE = YES;
				IPHONEOS_DEPLOYMENT_TARGET = 4.3;
				ONLY_ACTIVE_ARCH = YES;
				SDKROOT = iphoneos;
				TARGETED_DEVICE_FAMILY = "1,2";
			};
			name = Debug;
		};
		3D60FA7816D7C60000AC73A2 /* Release */ = {
			isa = XCBuildConfiguration;
			buildSettings = {
				ALWAYS_SEARCH_USER_PATHS = NO;
				CLANG_CXX_LANGUAGE_STANDARD = "gnu++0x";
				CLANG_CXX_LIBRARY = "libc++";
				CLANG_ENABLE_OBJC_ARC = YES;
				CLANG_WARN_EMPTY_BODY = YES;
				CLANG_WARN__DUPLICATE_METHOD_MATCH = YES;
				"CODE_SIGN_IDENTITY[sdk=iphoneos*]" = "iPhone Developer";
				COPY_PHASE_STRIP = YES;
				GCC_C_LANGUAGE_STANDARD = gnu99;
				GCC_WARN_ABOUT_RETURN_TYPE = YES;
				GCC_WARN_UNINITIALIZED_AUTOS = YES;
				GCC_WARN_UNUSED_VARIABLE = YES;
				IPHONEOS_DEPLOYMENT_TARGET = 4.3;
				OTHER_CFLAGS = "-DNS_BLOCK_ASSERTIONS=1";
				SDKROOT = iphoneos;
				TARGETED_DEVICE_FAMILY = "1,2";
				VALIDATE_PRODUCT = YES;
			};
			name = Release;
		};
		3D60FA7A16D7C60000AC73A2 /* Debug */ = {
			isa = XCBuildConfiguration;
			buildSettings = {
				GCC_PRECOMPILE_PREFIX_HEADER = YES;
				GCC_PREFIX_HEADER = "CheckApp/CheckApp-Prefix.pch";
				INFOPLIST_FILE = "CheckApp/CheckApp-Info.plist";
				IPHONEOS_DEPLOYMENT_TARGET = 4.3;
				PRODUCT_NAME = "$(TARGET_NAME)";
				WRAPPER_EXTENSION = app;
			};
			name = Debug;
		};
		3D60FA7B16D7C60000AC73A2 /* Release */ = {
			isa = XCBuildConfiguration;
			buildSettings = {
				GCC_PRECOMPILE_PREFIX_HEADER = YES;
				GCC_PREFIX_HEADER = "CheckApp/CheckApp-Prefix.pch";
				INFOPLIST_FILE = "CheckApp/CheckApp-Info.plist";
				IPHONEOS_DEPLOYMENT_TARGET = 4.3;
				PRODUCT_NAME = "$(TARGET_NAME)";
				WRAPPER_EXTENSION = app;
			};
			name = Release;
		};
/* End XCBuildConfiguration section */

/* Begin XCConfigurationList section */
		3D60FA5516D7C60000AC73A2 /* Build configuration list for PBXProject "CheckApp" */ = {
			isa = XCConfigurationList;
			buildConfigurations = (
				3D60FA7716D7C60000AC73A2 /* Debug */,
				3D60FA7816D7C60000AC73A2 /* Release */,
			);
			defaultConfigurationIsVisible = 0;
			defaultConfigurationName = Release;
		};
		3D60FA7916D7C60000AC73A2 /* Build configuration list for PBXNativeTarget "CheckApp" */ = {
			isa = XCConfigurationList;
			buildConfigurations = (
				3D60FA7A16D7C60000AC73A2 /* Debug */,
				3D60FA7B16D7C60000AC73A2 /* Release */,
			);
			defaultConfigurationIsVisible = 0;
			defaultConfigurationName = Release;
		};
/* End XCConfigurationList section */

/* Begin XCVersionGroup section */
		3D60FA8D16D7C90000AC73A2 /* CheckAppModel.xcdatamodeld */ = {
			isa = XCVersionGroup;
			children = (
				3D60FA8E16D7C90000AC73A2 /* CheckAppModel.xcdatamodel */,
			);
			currentVersion = 3D60FA8E16D7C90000AC73A2 /* CheckAppModel.xcdatamodel */;
			path = CheckAppModel.xcdatamodeld;
			sourceTree = "<group>";
			versionGroupType = wrapper.xcdatamodel;
		};
/* End XCVersionGroup section */
	};
	rootObject = 3D60FA5216D7C60000AC73A2 /* Project object */;
}
